<?xml version="1.0" encoding="UTF-8"?>
<!DOCTYPE plist PUBLIC "-//Apple//DTD PLIST 1.0//EN" "http://www.apple.com/DTDs/PropertyList-1.0.dtd">
<plist version="1.0">
<dict>
	<key>archiveVersion</key>
	<string>1</string>
	<key>classes</key>
	<dict/>
	<key>objectVersion</key>
	<string>46</string>
	<key>objects</key>
	<dict>
		<key>14F8E3198BE766563CF6D259</key>
		<dict>
			<key>includeInIndex</key>
			<string>1</string>
			<key>isa</key>
			<string>PBXFileReference</string>
			<key>lastKnownFileType</key>
			<string>text.xcconfig</string>
			<key>name</key>
			<string>Pods.release.xcconfig</string>
			<key>path</key>
			<string>Pods/Target Support Files/Pods/Pods.release.xcconfig</string>
			<key>sourceTree</key>
			<string>&lt;group&gt;</string>
		</dict>
		<key>3A7B651D44FC430229F9D0E2</key>
		<dict>
			<key>children</key>
			<array>
				<string>9879524C90D193341C76CF11</string>
				<string>14F8E3198BE766563CF6D259</string>
			</array>
			<key>isa</key>
			<string>PBXGroup</string>
			<key>name</key>
			<string>Pods</string>
			<key>sourceTree</key>
			<string>&lt;group&gt;</string>
		</dict>
		<key>4A0836ED83254435346B6263</key>
		<dict>
			<key>buildActionMask</key>
			<string>2147483647</string>
			<key>files</key>
			<array/>
			<key>inputPaths</key>
			<array/>
			<key>isa</key>
			<string>PBXShellScriptBuildPhase</string>
			<key>name</key>
			<string>Check Pods Manifest.lock</string>
			<key>outputPaths</key>
			<array/>
			<key>runOnlyForDeploymentPostprocessing</key>
			<string>0</string>
			<key>shellPath</key>
			<string>/bin/sh</string>
			<key>shellScript</key>
			<string>diff "${PODS_ROOT}/../Podfile.lock" "${PODS_ROOT}/Manifest.lock" &gt; /dev/null
if [[ $? != 0 ]] ; then
    cat &lt;&lt; EOM
error: The sandbox is not in sync with the Podfile.lock. Run 'pod install' or update your CocoaPods installation.
EOM
    exit 1
fi
</string>
			<key>showEnvVarsInLog</key>
			<string>0</string>
		</dict>
		<key>71C8438C221B5DD8118A45E1</key>
		<dict>
			<key>children</key>
			<array>
				<string>CD5B34CF32CE779F0B9DF996</string>
			</array>
			<key>isa</key>
			<string>PBXGroup</string>
			<key>name</key>
			<string>Frameworks</string>
			<key>sourceTree</key>
			<string>&lt;group&gt;</string>
		</dict>
		<key>9723BAA51AEF2BAF0020F6D7</key>
		<dict>
			<key>fileEncoding</key>
			<string>4</string>
			<key>isa</key>
			<string>PBXFileReference</string>
			<key>lastKnownFileType</key>
			<string>sourcecode.c.h</string>
			<key>path</key>
			<string>CustomCell.h</string>
			<key>sourceTree</key>
			<string>&lt;group&gt;</string>
		</dict>
		<key>9723BAA61AEF2BAF0020F6D7</key>
		<dict>
			<key>fileEncoding</key>
			<string>4</string>
			<key>isa</key>
			<string>PBXFileReference</string>
			<key>lastKnownFileType</key>
			<string>sourcecode.c.objc</string>
			<key>path</key>
			<string>CustomCell.m</string>
			<key>sourceTree</key>
			<string>&lt;group&gt;</string>
		</dict>
		<key>9723BAA71AEF2BAF0020F6D7</key>
		<dict>
			<key>fileRef</key>
			<string>9723BAA61AEF2BAF0020F6D7</string>
			<key>isa</key>
			<string>PBXBuildFile</string>
		</dict>
		<key>9740B35E1AEBF004008A6DA6</key>
		<dict>
			<key>children</key>
			<array>
				<string>9740B3691AEBF005008A6DA6</string>
				<string>9740B3831AEBF005008A6DA6</string>
				<string>9740B3681AEBF005008A6DA6</string>
				<string>3A7B651D44FC430229F9D0E2</string>
				<string>71C8438C221B5DD8118A45E1</string>
			</array>
			<key>isa</key>
			<string>PBXGroup</string>
			<key>sourceTree</key>
			<string>&lt;group&gt;</string>
		</dict>
		<key>9740B35F1AEBF004008A6DA6</key>
		<dict>
			<key>attributes</key>
			<dict>
				<key>LastUpgradeCheck</key>
				<string>0630</string>
				<key>ORGANIZATIONNAME</key>
				<string>SHDH</string>
				<key>TargetAttributes</key>
				<dict>
					<key>9740B3661AEBF004008A6DA6</key>
					<dict>
						<key>CreatedOnToolsVersion</key>
						<string>6.3</string>
					</dict>
					<key>9740B37F1AEBF005008A6DA6</key>
					<dict>
						<key>CreatedOnToolsVersion</key>
						<string>6.3</string>
						<key>TestTargetID</key>
						<string>9740B3661AEBF004008A6DA6</string>
					</dict>
				</dict>
			</dict>
			<key>buildConfigurationList</key>
			<string>9740B3621AEBF004008A6DA6</string>
			<key>compatibilityVersion</key>
			<string>Xcode 3.2</string>
			<key>developmentRegion</key>
			<string>English</string>
			<key>hasScannedForEncodings</key>
			<string>0</string>
			<key>isa</key>
			<string>PBXProject</string>
			<key>knownRegions</key>
			<array>
				<string>en</string>
				<string>Base</string>
			</array>
			<key>mainGroup</key>
			<string>9740B35E1AEBF004008A6DA6</string>
			<key>productRefGroup</key>
			<string>9740B3681AEBF005008A6DA6</string>
			<key>projectDirPath</key>
			<string></string>
			<key>projectReferences</key>
			<array/>
			<key>projectRoot</key>
			<string></string>
			<key>targets</key>
			<array>
				<string>9740B3661AEBF004008A6DA6</string>
				<string>9740B37F1AEBF005008A6DA6</string>
			</array>
		</dict>
		<key>9740B3621AEBF004008A6DA6</key>
		<dict>
			<key>buildConfigurations</key>
			<array>
				<string>9740B3881AEBF005008A6DA6</string>
				<string>9740B3891AEBF005008A6DA6</string>
			</array>
			<key>defaultConfigurationIsVisible</key>
			<string>0</string>
			<key>defaultConfigurationName</key>
			<string>Release</string>
			<key>isa</key>
			<string>XCConfigurationList</string>
		</dict>
		<key>9740B3631AEBF004008A6DA6</key>
		<dict>
			<key>buildActionMask</key>
			<string>2147483647</string>
			<key>files</key>
			<array>
				<string>9740B3D61AEC33C5008A6DA6</string>
				<string>9740B3A81AEC0064008A6DA6</string>
				<string>9740B3731AEBF005008A6DA6</string>
				<string>9740B3A51AEBF9C8008A6DA6</string>
				<string>9723BAA71AEF2BAF0020F6D7</string>
				<string>9740B3701AEBF005008A6DA6</string>
				<string>9740B36D1AEBF005008A6DA6</string>
			</array>
			<key>isa</key>
			<string>PBXSourcesBuildPhase</string>
			<key>runOnlyForDeploymentPostprocessing</key>
			<string>0</string>
		</dict>
		<key>9740B3641AEBF004008A6DA6</key>
		<dict>
			<key>buildActionMask</key>
			<string>2147483647</string>
			<key>files</key>
			<array>
				<string>E6BFDF7835D21C5CF39145C3</string>
			</array>
			<key>isa</key>
			<string>PBXFrameworksBuildPhase</string>
			<key>runOnlyForDeploymentPostprocessing</key>
			<string>0</string>
		</dict>
		<key>9740B3651AEBF004008A6DA6</key>
		<dict>
			<key>buildActionMask</key>
			<string>2147483647</string>
			<key>files</key>
			<array>
				<string>9740B39D1AEBF555008A6DA6</string>
				<string>9740B3CA1AEC16EF008A6DA6</string>
				<string>9740B3911AEBF093008A6DA6</string>
				<string>9740B3CE1AEC16EF008A6DA6</string>
				<string>9740B3D01AEC16EF008A6DA6</string>
				<string>9740B39F1AEBF555008A6DA6</string>
				<string>9740B3D11AEC16EF008A6DA6</string>
				<string>9740B3CF1AEC16EF008A6DA6</string>
				<string>9740B3761AEBF005008A6DA6</string>
				<string>9740B3C61AEC16EF008A6DA6</string>
				<string>9740B37B1AEBF005008A6DA6</string>
				<string>9740B3CD1AEC16EF008A6DA6</string>
				<string>9740B3C51AEC16EF008A6DA6</string>
				<string>9740B3C81AEC16EF008A6DA6</string>
				<string>9740B3C91AEC16EF008A6DA6</string>
				<string>9740B3A01AEBF555008A6DA6</string>
				<string>9740B3D31AEC16EF008A6DA6</string>
				<string>9740B3A21AEBF555008A6DA6</string>
				<string>9740B3CB1AEC16EF008A6DA6</string>
				<string>9740B3CC1AEC16EF008A6DA6</string>
				<string>9740B3D21AEC16EF008A6DA6</string>
				<string>9740B3A11AEBF555008A6DA6</string>
				<string>9740B39C1AEBF555008A6DA6</string>
				<string>9740B39E1AEBF555008A6DA6</string>
				<string>9740B3C41AEC16EF008A6DA6</string>
				<string>9740B3781AEBF005008A6DA6</string>
				<string>9740B39B1AEBF555008A6DA6</string>
				<string>9740B3C71AEC16EF008A6DA6</string>
			</array>
			<key>isa</key>
			<string>PBXResourcesBuildPhase</string>
			<key>runOnlyForDeploymentPostprocessing</key>
			<string>0</string>
		</dict>
		<key>9740B3661AEBF004008A6DA6</key>
		<dict>
			<key>buildConfigurationList</key>
			<string>9740B38A1AEBF005008A6DA6</string>
			<key>buildPhases</key>
			<array>
				<string>4A0836ED83254435346B6263</string>
				<string>9740B3631AEBF004008A6DA6</string>
				<string>9740B3641AEBF004008A6DA6</string>
				<string>9740B3651AEBF004008A6DA6</string>
				<string>B1E4C71ADCDE53653729FC3E</string>
			</array>
			<key>buildRules</key>
			<array/>
			<key>dependencies</key>
			<array/>
			<key>isa</key>
			<string>PBXNativeTarget</string>
			<key>name</key>
			<string>XCol 15</string>
			<key>productName</key>
			<string>XCol 15</string>
			<key>productReference</key>
			<string>9740B3671AEBF005008A6DA6</string>
			<key>productType</key>
			<string>com.apple.product-type.application</string>
		</dict>
		<key>9740B3671AEBF005008A6DA6</key>
		<dict>
			<key>explicitFileType</key>
			<string>wrapper.application</string>
			<key>includeInIndex</key>
			<string>0</string>
			<key>isa</key>
			<string>PBXFileReference</string>
			<key>path</key>
			<string>XCol 15.app</string>
			<key>sourceTree</key>
			<string>BUILT_PRODUCTS_DIR</string>
		</dict>
		<key>9740B3681AEBF005008A6DA6</key>
		<dict>
			<key>children</key>
			<array>
				<string>9740B3671AEBF005008A6DA6</string>
				<string>9740B3801AEBF005008A6DA6</string>
			</array>
			<key>isa</key>
			<string>PBXGroup</string>
			<key>name</key>
			<string>Products</string>
			<key>sourceTree</key>
			<string>&lt;group&gt;</string>
		</dict>
		<key>9740B3691AEBF005008A6DA6</key>
		<dict>
			<key>children</key>
			<array>
				<string>9740B3A91AEC00EC008A6DA6</string>
				<string>9740B3921AEBF09C008A6DA6</string>
				<string>9740B36E1AEBF005008A6DA6</string>
				<string>9740B36F1AEBF005008A6DA6</string>
				<string>9740B3711AEBF005008A6DA6</string>
				<string>9740B3721AEBF005008A6DA6</string>
				<string>9740B3741AEBF005008A6DA6</string>
				<string>9740B3771AEBF005008A6DA6</string>
				<string>9740B3791AEBF005008A6DA6</string>
				<string>9740B36A1AEBF005008A6DA6</string>
				<string>9740B3A31AEBF9C8008A6DA6</string>
				<string>9740B3A41AEBF9C8008A6DA6</string>
				<string>9740B3A61AEC0064008A6DA6</string>
				<string>9740B3A71AEC0064008A6DA6</string>
				<string>9740B3D41AEC33C5008A6DA6</string>
				<string>9740B3D51AEC33C5008A6DA6</string>
				<string>9723BAA51AEF2BAF0020F6D7</string>
				<string>9723BAA61AEF2BAF0020F6D7</string>
			</array>
			<key>isa</key>
			<string>PBXGroup</string>
			<key>path</key>
			<string>XCol 15</string>
			<key>sourceTree</key>
			<string>&lt;group&gt;</string>
		</dict>
		<key>9740B36A1AEBF005008A6DA6</key>
		<dict>
			<key>children</key>
			<array>
				<string>9740B36B1AEBF005008A6DA6</string>
				<string>9740B36C1AEBF005008A6DA6</string>
			</array>
			<key>isa</key>
			<string>PBXGroup</string>
			<key>name</key>
			<string>Supporting Files</string>
			<key>sourceTree</key>
			<string>&lt;group&gt;</string>
		</dict>
		<key>9740B36B1AEBF005008A6DA6</key>
		<dict>
			<key>isa</key>
			<string>PBXFileReference</string>
			<key>lastKnownFileType</key>
			<string>text.plist.xml</string>
			<key>path</key>
			<string>Info.plist</string>
			<key>sourceTree</key>
			<string>&lt;group&gt;</string>
		</dict>
		<key>9740B36C1AEBF005008A6DA6</key>
		<dict>
			<key>isa</key>
			<string>PBXFileReference</string>
			<key>lastKnownFileType</key>
			<string>sourcecode.c.objc</string>
			<key>path</key>
			<string>main.m</string>
			<key>sourceTree</key>
			<string>&lt;group&gt;</string>
		</dict>
		<key>9740B36D1AEBF005008A6DA6</key>
		<dict>
			<key>fileRef</key>
			<string>9740B36C1AEBF005008A6DA6</string>
			<key>isa</key>
			<string>PBXBuildFile</string>
		</dict>
		<key>9740B36E1AEBF005008A6DA6</key>
		<dict>
			<key>isa</key>
			<string>PBXFileReference</string>
			<key>lastKnownFileType</key>
			<string>sourcecode.c.h</string>
			<key>path</key>
			<string>AppDelegate.h</string>
			<key>sourceTree</key>
			<string>&lt;group&gt;</string>
		</dict>
		<key>9740B36F1AEBF005008A6DA6</key>
		<dict>
			<key>isa</key>
			<string>PBXFileReference</string>
			<key>lastKnownFileType</key>
			<string>sourcecode.c.objc</string>
			<key>path</key>
			<string>AppDelegate.m</string>
			<key>sourceTree</key>
			<string>&lt;group&gt;</string>
		</dict>
		<key>9740B3701AEBF005008A6DA6</key>
		<dict>
			<key>fileRef</key>
			<string>9740B36F1AEBF005008A6DA6</string>
			<key>isa</key>
			<string>PBXBuildFile</string>
		</dict>
		<key>9740B3711AEBF005008A6DA6</key>
		<dict>
			<key>isa</key>
			<string>PBXFileReference</string>
			<key>lastKnownFileType</key>
			<string>sourcecode.c.h</string>
			<key>path</key>
			<string>ViewController.h</string>
			<key>sourceTree</key>
			<string>&lt;group&gt;</string>
		</dict>
		<key>9740B3721AEBF005008A6DA6</key>
		<dict>
			<key>isa</key>
			<string>PBXFileReference</string>
			<key>lastKnownFileType</key>
			<string>sourcecode.c.objc</string>
			<key>path</key>
			<string>ViewController.m</string>
			<key>sourceTree</key>
			<string>&lt;group&gt;</string>
		</dict>
		<key>9740B3731AEBF005008A6DA6</key>
		<dict>
			<key>fileRef</key>
			<string>9740B3721AEBF005008A6DA6</string>
			<key>isa</key>
			<string>PBXBuildFile</string>
		</dict>
		<key>9740B3741AEBF005008A6DA6</key>
		<dict>
			<key>children</key>
			<array>
				<string>9740B3751AEBF005008A6DA6</string>
			</array>
			<key>isa</key>
			<string>PBXVariantGroup</string>
			<key>name</key>
			<string>Main.storyboard</string>
			<key>sourceTree</key>
			<string>&lt;group&gt;</string>
		</dict>
		<key>9740B3751AEBF005008A6DA6</key>
		<dict>
			<key>isa</key>
			<string>PBXFileReference</string>
			<key>lastKnownFileType</key>
			<string>file.storyboard</string>
			<key>name</key>
			<string>Base</string>
			<key>path</key>
			<string>Base.lproj/Main.storyboard</string>
			<key>sourceTree</key>
			<string>&lt;group&gt;</string>
		</dict>
		<key>9740B3761AEBF005008A6DA6</key>
		<dict>
			<key>fileRef</key>
			<string>9740B3741AEBF005008A6DA6</string>
			<key>isa</key>
			<string>PBXBuildFile</string>
		</dict>
		<key>9740B3771AEBF005008A6DA6</key>
		<dict>
			<key>isa</key>
			<string>PBXFileReference</string>
			<key>lastKnownFileType</key>
			<string>folder.assetcatalog</string>
			<key>path</key>
			<string>Images.xcassets</string>
			<key>sourceTree</key>
			<string>&lt;group&gt;</string>
		</dict>
		<key>9740B3781AEBF005008A6DA6</key>
		<dict>
			<key>fileRef</key>
			<string>9740B3771AEBF005008A6DA6</string>
			<key>isa</key>
			<string>PBXBuildFile</string>
		</dict>
		<key>9740B3791AEBF005008A6DA6</key>
		<dict>
			<key>children</key>
			<array>
				<string>9740B37A1AEBF005008A6DA6</string>
			</array>
			<key>isa</key>
			<string>PBXVariantGroup</string>
			<key>name</key>
			<string>LaunchScreen.xib</string>
			<key>sourceTree</key>
			<string>&lt;group&gt;</string>
		</dict>
		<key>9740B37A1AEBF005008A6DA6</key>
		<dict>
			<key>isa</key>
			<string>PBXFileReference</string>
			<key>lastKnownFileType</key>
			<string>file.xib</string>
			<key>name</key>
			<string>Base</string>
			<key>path</key>
			<string>Base.lproj/LaunchScreen.xib</string>
			<key>sourceTree</key>
			<string>&lt;group&gt;</string>
		</dict>
		<key>9740B37B1AEBF005008A6DA6</key>
		<dict>
			<key>fileRef</key>
			<string>9740B3791AEBF005008A6DA6</string>
			<key>isa</key>
			<string>PBXBuildFile</string>
		</dict>
		<key>9740B37C1AEBF005008A6DA6</key>
		<dict>
			<key>buildActionMask</key>
			<string>2147483647</string>
			<key>files</key>
			<array>
				<string>9740B3871AEBF005008A6DA6</string>
			</array>
			<key>isa</key>
			<string>PBXSourcesBuildPhase</string>
			<key>runOnlyForDeploymentPostprocessing</key>
			<string>0</string>
		</dict>
		<key>9740B37D1AEBF005008A6DA6</key>
		<dict>
			<key>buildActionMask</key>
			<string>2147483647</string>
			<key>files</key>
			<array/>
			<key>isa</key>
			<string>PBXFrameworksBuildPhase</string>
			<key>runOnlyForDeploymentPostprocessing</key>
			<string>0</string>
		</dict>
		<key>9740B37E1AEBF005008A6DA6</key>
		<dict>
			<key>buildActionMask</key>
			<string>2147483647</string>
			<key>files</key>
			<array/>
			<key>isa</key>
			<string>PBXResourcesBuildPhase</string>
			<key>runOnlyForDeploymentPostprocessing</key>
			<string>0</string>
		</dict>
		<key>9740B37F1AEBF005008A6DA6</key>
		<dict>
			<key>buildConfigurationList</key>
			<string>9740B38D1AEBF005008A6DA6</string>
			<key>buildPhases</key>
			<array>
				<string>9740B37C1AEBF005008A6DA6</string>
				<string>9740B37D1AEBF005008A6DA6</string>
				<string>9740B37E1AEBF005008A6DA6</string>
			</array>
			<key>buildRules</key>
			<array/>
			<key>dependencies</key>
			<array>
				<string>9740B3821AEBF005008A6DA6</string>
			</array>
			<key>isa</key>
			<string>PBXNativeTarget</string>
			<key>name</key>
			<string>XCol 15Tests</string>
			<key>productName</key>
			<string>XCol 15Tests</string>
			<key>productReference</key>
			<string>9740B3801AEBF005008A6DA6</string>
			<key>productType</key>
			<string>com.apple.product-type.bundle.unit-test</string>
		</dict>
		<key>9740B3801AEBF005008A6DA6</key>
		<dict>
			<key>explicitFileType</key>
			<string>wrapper.cfbundle</string>
			<key>includeInIndex</key>
			<string>0</string>
			<key>isa</key>
			<string>PBXFileReference</string>
			<key>path</key>
			<string>XCol 15Tests.xctest</string>
			<key>sourceTree</key>
			<string>BUILT_PRODUCTS_DIR</string>
		</dict>
		<key>9740B3811AEBF005008A6DA6</key>
		<dict>
			<key>containerPortal</key>
			<string>9740B35F1AEBF004008A6DA6</string>
			<key>isa</key>
			<string>PBXContainerItemProxy</string>
			<key>proxyType</key>
			<string>1</string>
			<key>remoteGlobalIDString</key>
			<string>9740B3661AEBF004008A6DA6</string>
			<key>remoteInfo</key>
			<string>XCol 15</string>
		</dict>
		<key>9740B3821AEBF005008A6DA6</key>
		<dict>
			<key>isa</key>
			<string>PBXTargetDependency</string>
			<key>target</key>
			<string>9740B3661AEBF004008A6DA6</string>
			<key>targetProxy</key>
			<string>9740B3811AEBF005008A6DA6</string>
		</dict>
		<key>9740B3831AEBF005008A6DA6</key>
		<dict>
			<key>children</key>
			<array>
				<string>9740B3861AEBF005008A6DA6</string>
				<string>9740B3841AEBF005008A6DA6</string>
			</array>
			<key>isa</key>
			<string>PBXGroup</string>
			<key>path</key>
			<string>XCol 15Tests</string>
			<key>sourceTree</key>
			<string>&lt;group&gt;</string>
		</dict>
		<key>9740B3841AEBF005008A6DA6</key>
		<dict>
			<key>children</key>
			<array>
				<string>9740B3851AEBF005008A6DA6</string>
			</array>
			<key>isa</key>
			<string>PBXGroup</string>
			<key>name</key>
			<string>Supporting Files</string>
			<key>sourceTree</key>
			<string>&lt;group&gt;</string>
		</dict>
		<key>9740B3851AEBF005008A6DA6</key>
		<dict>
			<key>isa</key>
			<string>PBXFileReference</string>
			<key>lastKnownFileType</key>
			<string>text.plist.xml</string>
			<key>path</key>
			<string>Info.plist</string>
			<key>sourceTree</key>
			<string>&lt;group&gt;</string>
		</dict>
		<key>9740B3861AEBF005008A6DA6</key>
		<dict>
			<key>isa</key>
			<string>PBXFileReference</string>
			<key>lastKnownFileType</key>
			<string>sourcecode.c.objc</string>
			<key>path</key>
			<string>XCol_15Tests.m</string>
			<key>sourceTree</key>
			<string>&lt;group&gt;</string>
		</dict>
		<key>9740B3871AEBF005008A6DA6</key>
		<dict>
			<key>fileRef</key>
			<string>9740B3861AEBF005008A6DA6</string>
			<key>isa</key>
			<string>PBXBuildFile</string>
		</dict>
		<key>9740B3881AEBF005008A6DA6</key>
		<dict>
			<key>buildSettings</key>
			<dict>
				<key>ALWAYS_SEARCH_USER_PATHS</key>
				<string>NO</string>
				<key>CLANG_CXX_LANGUAGE_STANDARD</key>
				<string>gnu++0x</string>
				<key>CLANG_CXX_LIBRARY</key>
				<string>libc++</string>
				<key>CLANG_ENABLE_MODULES</key>
				<string>YES</string>
				<key>CLANG_ENABLE_OBJC_ARC</key>
				<string>YES</string>
				<key>CLANG_WARN_BOOL_CONVERSION</key>
				<string>YES</string>
				<key>CLANG_WARN_CONSTANT_CONVERSION</key>
				<string>YES</string>
				<key>CLANG_WARN_DIRECT_OBJC_ISA_USAGE</key>
				<string>YES_ERROR</string>
				<key>CLANG_WARN_EMPTY_BODY</key>
				<string>YES</string>
				<key>CLANG_WARN_ENUM_CONVERSION</key>
				<string>YES</string>
				<key>CLANG_WARN_INT_CONVERSION</key>
				<string>YES</string>
				<key>CLANG_WARN_OBJC_ROOT_CLASS</key>
				<string>YES_ERROR</string>
				<key>CLANG_WARN_UNREACHABLE_CODE</key>
				<string>YES</string>
				<key>CLANG_WARN__DUPLICATE_METHOD_MATCH</key>
				<string>YES</string>
				<key>CODE_SIGN_IDENTITY[sdk=iphoneos*]</key>
				<string>iPhone Developer</string>
				<key>COPY_PHASE_STRIP</key>
				<string>NO</string>
				<key>DEBUG_INFORMATION_FORMAT</key>
				<string>dwarf-with-dsym</string>
				<key>ENABLE_STRICT_OBJC_MSGSEND</key>
				<string>YES</string>
				<key>GCC_C_LANGUAGE_STANDARD</key>
				<string>gnu99</string>
				<key>GCC_DYNAMIC_NO_PIC</key>
				<string>NO</string>
				<key>GCC_NO_COMMON_BLOCKS</key>
				<string>YES</string>
				<key>GCC_OPTIMIZATION_LEVEL</key>
				<string>0</string>
				<key>GCC_PREPROCESSOR_DEFINITIONS</key>
				<array>
					<string>DEBUG=1</string>
					<string>$(inherited)</string>
				</array>
				<key>GCC_SYMBOLS_PRIVATE_EXTERN</key>
				<string>NO</string>
				<key>GCC_WARN_64_TO_32_BIT_CONVERSION</key>
				<string>YES</string>
				<key>GCC_WARN_ABOUT_RETURN_TYPE</key>
				<string>YES_ERROR</string>
				<key>GCC_WARN_UNDECLARED_SELECTOR</key>
				<string>YES</string>
				<key>GCC_WARN_UNINITIALIZED_AUTOS</key>
				<string>YES_AGGRESSIVE</string>
				<key>GCC_WARN_UNUSED_FUNCTION</key>
				<string>YES</string>
				<key>GCC_WARN_UNUSED_VARIABLE</key>
				<string>YES</string>
				<key>IPHONEOS_DEPLOYMENT_TARGET</key>
				<string>8.3</string>
				<key>MTL_ENABLE_DEBUG_INFO</key>
				<string>YES</string>
				<key>ONLY_ACTIVE_ARCH</key>
				<string>YES</string>
				<key>SDKROOT</key>
				<string>iphoneos</string>
			</dict>
			<key>isa</key>
			<string>XCBuildConfiguration</string>
			<key>name</key>
			<string>Debug</string>
		</dict>
		<key>9740B3891AEBF005008A6DA6</key>
		<dict>
			<key>buildSettings</key>
			<dict>
				<key>ALWAYS_SEARCH_USER_PATHS</key>
				<string>NO</string>
				<key>CLANG_CXX_LANGUAGE_STANDARD</key>
				<string>gnu++0x</string>
				<key>CLANG_CXX_LIBRARY</key>
				<string>libc++</string>
				<key>CLANG_ENABLE_MODULES</key>
				<string>YES</string>
				<key>CLANG_ENABLE_OBJC_ARC</key>
				<string>YES</string>
				<key>CLANG_WARN_BOOL_CONVERSION</key>
				<string>YES</string>
				<key>CLANG_WARN_CONSTANT_CONVERSION</key>
				<string>YES</string>
				<key>CLANG_WARN_DIRECT_OBJC_ISA_USAGE</key>
				<string>YES_ERROR</string>
				<key>CLANG_WARN_EMPTY_BODY</key>
				<string>YES</string>
				<key>CLANG_WARN_ENUM_CONVERSION</key>
				<string>YES</string>
				<key>CLANG_WARN_INT_CONVERSION</key>
				<string>YES</string>
				<key>CLANG_WARN_OBJC_ROOT_CLASS</key>
				<string>YES_ERROR</string>
				<key>CLANG_WARN_UNREACHABLE_CODE</key>
				<string>YES</string>
				<key>CLANG_WARN__DUPLICATE_METHOD_MATCH</key>
				<string>YES</string>
				<key>CODE_SIGN_IDENTITY[sdk=iphoneos*]</key>
				<string>iPhone Developer</string>
				<key>COPY_PHASE_STRIP</key>
				<string>NO</string>
				<key>DEBUG_INFORMATION_FORMAT</key>
				<string>dwarf-with-dsym</string>
				<key>ENABLE_NS_ASSERTIONS</key>
				<string>NO</string>
				<key>ENABLE_STRICT_OBJC_MSGSEND</key>
				<string>YES</string>
				<key>GCC_C_LANGUAGE_STANDARD</key>
				<string>gnu99</string>
				<key>GCC_NO_COMMON_BLOCKS</key>
				<string>YES</string>
				<key>GCC_WARN_64_TO_32_BIT_CONVERSION</key>
				<string>YES</string>
				<key>GCC_WARN_ABOUT_RETURN_TYPE</key>
				<string>YES_ERROR</string>
				<key>GCC_WARN_UNDECLARED_SELECTOR</key>
				<string>YES</string>
				<key>GCC_WARN_UNINITIALIZED_AUTOS</key>
				<string>YES_AGGRESSIVE</string>
				<key>GCC_WARN_UNUSED_FUNCTION</key>
				<string>YES</string>
				<key>GCC_WARN_UNUSED_VARIABLE</key>
				<string>YES</string>
				<key>IPHONEOS_DEPLOYMENT_TARGET</key>
				<string>8.3</string>
				<key>MTL_ENABLE_DEBUG_INFO</key>
				<string>NO</string>
				<key>SDKROOT</key>
				<string>iphoneos</string>
				<key>VALIDATE_PRODUCT</key>
				<string>YES</string>
			</dict>
			<key>isa</key>
			<string>XCBuildConfiguration</string>
			<key>name</key>
			<string>Release</string>
		</dict>
		<key>9740B38A1AEBF005008A6DA6</key>
		<dict>
			<key>buildConfigurations</key>
			<array>
				<string>9740B38B1AEBF005008A6DA6</string>
				<string>9740B38C1AEBF005008A6DA6</string>
			</array>
			<key>defaultConfigurationIsVisible</key>
			<string>0</string>
			<key>defaultConfigurationName</key>
			<string>Release</string>
			<key>isa</key>
			<string>XCConfigurationList</string>
		</dict>
		<key>9740B38B1AEBF005008A6DA6</key>
		<dict>
			<key>baseConfigurationReference</key>
			<string>9879524C90D193341C76CF11</string>
			<key>buildSettings</key>
			<dict>
				<key>ASSETCATALOG_COMPILER_APPICON_NAME</key>
				<string>AppIcon</string>
				<key>INFOPLIST_FILE</key>
				<string>XCol 15/Info.plist</string>
				<key>IPHONEOS_DEPLOYMENT_TARGET</key>
				<string>7.1</string>
				<key>LD_RUNPATH_SEARCH_PATHS</key>
				<string>$(inherited) @executable_path/Frameworks</string>
				<key>PRODUCT_NAME</key>
				<string>$(TARGET_NAME)</string>
			</dict>
			<key>isa</key>
			<string>XCBuildConfiguration</string>
			<key>name</key>
			<string>Debug</string>
		</dict>
		<key>9740B38C1AEBF005008A6DA6</key>
		<dict>
			<key>baseConfigurationReference</key>
			<string>14F8E3198BE766563CF6D259</string>
			<key>buildSettings</key>
			<dict>
				<key>ASSETCATALOG_COMPILER_APPICON_NAME</key>
				<string>AppIcon</string>
				<key>INFOPLIST_FILE</key>
				<string>XCol 15/Info.plist</string>
				<key>IPHONEOS_DEPLOYMENT_TARGET</key>
				<string>7.1</string>
				<key>LD_RUNPATH_SEARCH_PATHS</key>
				<string>$(inherited) @executable_path/Frameworks</string>
				<key>PRODUCT_NAME</key>
				<string>$(TARGET_NAME)</string>
			</dict>
			<key>isa</key>
			<string>XCBuildConfiguration</string>
			<key>name</key>
			<string>Release</string>
		</dict>
		<key>9740B38D1AEBF005008A6DA6</key>
		<dict>
			<key>buildConfigurations</key>
			<array>
				<string>9740B38E1AEBF005008A6DA6</string>
				<string>9740B38F1AEBF005008A6DA6</string>
			</array>
			<key>defaultConfigurationIsVisible</key>
			<string>0</string>
			<key>defaultConfigurationName</key>
			<string>Release</string>
			<key>isa</key>
			<string>XCConfigurationList</string>
		</dict>
		<key>9740B38E1AEBF005008A6DA6</key>
		<dict>
			<key>buildSettings</key>
			<dict>
				<key>BUNDLE_LOADER</key>
				<string>$(TEST_HOST)</string>
				<key>FRAMEWORK_SEARCH_PATHS</key>
				<array>
					<string>$(SDKROOT)/Developer/Library/Frameworks</string>
					<string>$(inherited)</string>
				</array>
				<key>GCC_PREPROCESSOR_DEFINITIONS</key>
				<array>
					<string>DEBUG=1</string>
					<string>$(inherited)</string>
				</array>
				<key>INFOPLIST_FILE</key>
				<string>XCol 15Tests/Info.plist</string>
				<key>LD_RUNPATH_SEARCH_PATHS</key>
				<string>$(inherited) @executable_path/Frameworks @loader_path/Frameworks</string>
				<key>PRODUCT_NAME</key>
				<string>$(TARGET_NAME)</string>
				<key>TEST_HOST</key>
				<string>$(BUILT_PRODUCTS_DIR)/XCol 15.app/XCol 15</string>
			</dict>
			<key>isa</key>
			<string>XCBuildConfiguration</string>
			<key>name</key>
			<string>Debug</string>
		</dict>
		<key>9740B38F1AEBF005008A6DA6</key>
		<dict>
			<key>buildSettings</key>
			<dict>
				<key>BUNDLE_LOADER</key>
				<string>$(TEST_HOST)</string>
				<key>FRAMEWORK_SEARCH_PATHS</key>
				<array>
					<string>$(SDKROOT)/Developer/Library/Frameworks</string>
					<string>$(inherited)</string>
				</array>
				<key>INFOPLIST_FILE</key>
				<string>XCol 15Tests/Info.plist</string>
				<key>LD_RUNPATH_SEARCH_PATHS</key>
				<string>$(inherited) @executable_path/Frameworks @loader_path/Frameworks</string>
				<key>PRODUCT_NAME</key>
				<string>$(TARGET_NAME)</string>
				<key>TEST_HOST</key>
				<string>$(BUILT_PRODUCTS_DIR)/XCol 15.app/XCol 15</string>
			</dict>
			<key>isa</key>
			<string>XCBuildConfiguration</string>
			<key>name</key>
			<string>Release</string>
		</dict>
		<key>9740B3901AEBF093008A6DA6</key>
		<dict>
			<key>isa</key>
			<string>PBXFileReference</string>
			<key>lastKnownFileType</key>
			<string>image.png</string>
			<key>path</key>
			<string>splash.png</string>
			<key>sourceTree</key>
			<string>&lt;group&gt;</string>
		</dict>
		<key>9740B3911AEBF093008A6DA6</key>
		<dict>
			<key>fileRef</key>
			<string>9740B3901AEBF093008A6DA6</string>
			<key>isa</key>
			<string>PBXBuildFile</string>
		</dict>
		<key>9740B3921AEBF09C008A6DA6</key>
		<dict>
			<key>children</key>
			<array>
				<string>9740B3931AEBF555008A6DA6</string>
				<string>9740B3941AEBF555008A6DA6</string>
				<string>9740B3951AEBF555008A6DA6</string>
				<string>9740B3961AEBF555008A6DA6</string>
				<string>9740B3971AEBF555008A6DA6</string>
				<string>9740B3981AEBF555008A6DA6</string>
				<string>9740B3991AEBF555008A6DA6</string>
				<string>9740B39A1AEBF555008A6DA6</string>
				<string>9740B3901AEBF093008A6DA6</string>
			</array>
			<key>isa</key>
			<string>PBXGroup</string>
			<key>name</key>
			<string>images</string>
			<key>sourceTree</key>
			<string>&lt;group&gt;</string>
		</dict>
		<key>9740B3931AEBF555008A6DA6</key>
		<dict>
			<key>isa</key>
			<string>PBXFileReference</string>
			<key>lastKnownFileType</key>
			<string>image.jpeg</string>
			<key>path</key>
			<string>barbasan.jpg</string>
			<key>sourceTree</key>
			<string>&lt;group&gt;</string>
		</dict>
		<key>9740B3941AEBF555008A6DA6</key>
		<dict>
			<key>isa</key>
			<string>PBXFileReference</string>
			<key>lastKnownFileType</key>
			<string>image.jpeg</string>
			<key>path</key>
			<string>gallardo.jpg</string>
			<key>sourceTree</key>
			<string>&lt;group&gt;</string>
		</dict>
		<key>9740B3951AEBF555008A6DA6</key>
		<dict>
			<key>isa</key>
			<string>PBXFileReference</string>
			<key>lastKnownFileType</key>
			<string>image.jpeg</string>
			<key>path</key>
			<string>galvan.jpg</string>
			<key>sourceTree</key>
			<string>&lt;group&gt;</string>
		</dict>
		<key>9740B3961AEBF555008A6DA6</key>
		<dict>
			<key>isa</key>
			<string>PBXFileReference</string>
			<key>lastKnownFileType</key>
			<string>image.jpeg</string>
			<key>path</key>
			<string>moran.jpg</string>
			<key>sourceTree</key>
			<string>&lt;group&gt;</string>
		</dict>
		<key>9740B3971AEBF555008A6DA6</key>
		<dict>
			<key>isa</key>
			<string>PBXFileReference</string>
			<key>lastKnownFileType</key>
			<string>image.jpeg</string>
			<key>path</key>
			<string>munro.jpg</string>
			<key>sourceTree</key>
			<string>&lt;group&gt;</string>
		</dict>
		<key>9740B3981AEBF555008A6DA6</key>
		<dict>
			<key>isa</key>
			<string>PBXFileReference</string>
			<key>lastKnownFileType</key>
			<string>image.jpeg</string>
			<key>path</key>
			<string>peralta.jpg</string>
			<key>sourceTree</key>
			<string>&lt;group&gt;</string>
		</dict>
		<key>9740B3991AEBF555008A6DA6</key>
		<dict>
			<key>isa</key>
			<string>PBXFileReference</string>
			<key>lastKnownFileType</key>
			<string>image.jpeg</string>
			<key>path</key>
			<string>preciado.jpg</string>
			<key>sourceTree</key>
			<string>&lt;group&gt;</string>
		</dict>
		<key>9740B39A1AEBF555008A6DA6</key>
		<dict>
			<key>isa</key>
			<string>PBXFileReference</string>
			<key>lastKnownFileType</key>
			<string>image.jpeg</string>
			<key>path</key>
			<string>zepeda.jpg</string>
			<key>sourceTree</key>
			<string>&lt;group&gt;</string>
		</dict>
		<key>9740B39B1AEBF555008A6DA6</key>
		<dict>
			<key>fileRef</key>
			<string>9740B3931AEBF555008A6DA6</string>
			<key>isa</key>
			<string>PBXBuildFile</string>
		</dict>
		<key>9740B39C1AEBF555008A6DA6</key>
		<dict>
			<key>fileRef</key>
			<string>9740B3941AEBF555008A6DA6</string>
			<key>isa</key>
			<string>PBXBuildFile</string>
		</dict>
		<key>9740B39D1AEBF555008A6DA6</key>
		<dict>
			<key>fileRef</key>
			<string>9740B3951AEBF555008A6DA6</string>
			<key>isa</key>
			<string>PBXBuildFile</string>
		</dict>
		<key>9740B39E1AEBF555008A6DA6</key>
		<dict>
			<key>fileRef</key>
			<string>9740B3961AEBF555008A6DA6</string>
			<key>isa</key>
			<string>PBXBuildFile</string>
		</dict>
		<key>9740B39F1AEBF555008A6DA6</key>
		<dict>
			<key>fileRef</key>
			<string>9740B3971AEBF555008A6DA6</string>
			<key>isa</key>
			<string>PBXBuildFile</string>
		</dict>
		<key>9740B3A01AEBF555008A6DA6</key>
		<dict>
			<key>fileRef</key>
			<string>9740B3981AEBF555008A6DA6</string>
			<key>isa</key>
			<string>PBXBuildFile</string>
		</dict>
		<key>9740B3A11AEBF555008A6DA6</key>
		<dict>
			<key>fileRef</key>
			<string>9740B3991AEBF555008A6DA6</string>
			<key>isa</key>
			<string>PBXBuildFile</string>
		</dict>
		<key>9740B3A21AEBF555008A6DA6</key>
		<dict>
			<key>fileRef</key>
			<string>9740B39A1AEBF555008A6DA6</string>
			<key>isa</key>
			<string>PBXBuildFile</string>
		</dict>
		<key>9740B3A31AEBF9C8008A6DA6</key>
		<dict>
			<key>fileEncoding</key>
			<string>4</string>
			<key>isa</key>
			<string>PBXFileReference</string>
			<key>lastKnownFileType</key>
			<string>sourcecode.c.h</string>
			<key>path</key>
			<string>candidato.h</string>
			<key>sourceTree</key>
			<string>&lt;group&gt;</string>
		</dict>
		<key>9740B3A41AEBF9C8008A6DA6</key>
		<dict>
			<key>fileEncoding</key>
			<string>4</string>
			<key>isa</key>
			<string>PBXFileReference</string>
			<key>lastKnownFileType</key>
			<string>sourcecode.c.objc</string>
			<key>path</key>
			<string>candidato.m</string>
			<key>sourceTree</key>
			<string>&lt;group&gt;</string>
		</dict>
		<key>9740B3A51AEBF9C8008A6DA6</key>
		<dict>
			<key>fileRef</key>
			<string>9740B3A41AEBF9C8008A6DA6</string>
			<key>isa</key>
			<string>PBXBuildFile</string>
		</dict>
		<key>9740B3A61AEC0064008A6DA6</key>
		<dict>
			<key>fileEncoding</key>
			<string>4</string>
			<key>isa</key>
			<string>PBXFileReference</string>
			<key>lastKnownFileType</key>
			<string>sourcecode.c.h</string>
			<key>path</key>
			<string>DetailViewController.h</string>
			<key>sourceTree</key>
			<string>&lt;group&gt;</string>
		</dict>
		<key>9740B3A71AEC0064008A6DA6</key>
		<dict>
			<key>fileEncoding</key>
			<string>4</string>
			<key>isa</key>
			<string>PBXFileReference</string>
			<key>lastKnownFileType</key>
			<string>sourcecode.c.objc</string>
			<key>path</key>
			<string>DetailViewController.m</string>
			<key>sourceTree</key>
			<string>&lt;group&gt;</string>
		</dict>
		<key>9740B3A81AEC0064008A6DA6</key>
		<dict>
			<key>fileRef</key>
			<string>9740B3A71AEC0064008A6DA6</string>
			<key>isa</key>
			<string>PBXBuildFile</string>
		</dict>
		<key>9740B3A91AEC00EC008A6DA6</key>
		<dict>
			<key>children</key>
			<array>
				<string>9740B3B41AEC16EF008A6DA6</string>
				<string>9740B3B51AEC16EF008A6DA6</string>
				<string>9740B3B61AEC16EF008A6DA6</string>
				<string>9740B3B71AEC16EF008A6DA6</string>
				<string>9740B3B81AEC16EF008A6DA6</string>
				<string>9740B3B91AEC16EF008A6DA6</string>
				<string>9740B3BA1AEC16EF008A6DA6</string>
				<string>9740B3BB1AEC16EF008A6DA6</string>
				<string>9740B3BC1AEC16EF008A6DA6</string>
				<string>9740B3BD1AEC16EF008A6DA6</string>
				<string>9740B3BE1AEC16EF008A6DA6</string>
				<string>9740B3BF1AEC16EF008A6DA6</string>
				<string>9740B3C01AEC16EF008A6DA6</string>
				<string>9740B3C11AEC16EF008A6DA6</string>
				<string>9740B3C21AEC16EF008A6DA6</string>
				<string>9740B3C31AEC16EF008A6DA6</string>
			</array>
			<key>isa</key>
			<string>PBXGroup</string>
			<key>name</key>
			<string>html files</string>
			<key>sourceTree</key>
			<string>&lt;group&gt;</string>
		</dict>
		<key>9740B3B41AEC16EF008A6DA6</key>
		<dict>
			<key>fileEncoding</key>
			<string>4</string>
			<key>isa</key>
			<string>PBXFileReference</string>
			<key>lastKnownFileType</key>
			<string>text.html</string>
			<key>path</key>
			<string>biografiaBarbasan.html</string>
			<key>sourceTree</key>
			<string>&lt;group&gt;</string>
		</dict>
		<key>9740B3B51AEC16EF008A6DA6</key>
		<dict>
			<key>fileEncoding</key>
			<string>4</string>
			<key>isa</key>
			<string>PBXFileReference</string>
			<key>lastKnownFileType</key>
			<string>text.html</string>
			<key>path</key>
			<string>biografiaGallardo.html</string>
			<key>sourceTree</key>
			<string>&lt;group&gt;</string>
		</dict>
		<key>9740B3B61AEC16EF008A6DA6</key>
		<dict>
			<key>fileEncoding</key>
			<string>4</string>
			<key>isa</key>
			<string>PBXFileReference</string>
			<key>lastKnownFileType</key>
			<string>text.html</string>
			<key>path</key>
			<string>biografiaGalvan.html</string>
			<key>sourceTree</key>
			<string>&lt;group&gt;</string>
		</dict>
		<key>9740B3B71AEC16EF008A6DA6</key>
		<dict>
			<key>fileEncoding</key>
			<string>4</string>
			<key>isa</key>
			<string>PBXFileReference</string>
			<key>lastKnownFileType</key>
			<string>text.html</string>
			<key>path</key>
			<string>biografiaMoran.html</string>
			<key>sourceTree</key>
			<string>&lt;group&gt;</string>
		</dict>
		<key>9740B3B81AEC16EF008A6DA6</key>
		<dict>
			<key>fileEncoding</key>
			<string>4</string>
			<key>isa</key>
			<string>PBXFileReference</string>
			<key>lastKnownFileType</key>
			<string>text.html</string>
			<key>path</key>
			<string>biografiaMunro.html</string>
			<key>sourceTree</key>
			<string>&lt;group&gt;</string>
		</dict>
		<key>9740B3B91AEC16EF008A6DA6</key>
		<dict>
			<key>fileEncoding</key>
			<string>4</string>
			<key>isa</key>
			<string>PBXFileReference</string>
			<key>lastKnownFileType</key>
			<string>text.html</string>
			<key>path</key>
			<string>biografiaNacho.html</string>
			<key>sourceTree</key>
			<string>&lt;group&gt;</string>
		</dict>
		<key>9740B3BA1AEC16EF008A6DA6</key>
		<dict>
			<key>fileEncoding</key>
			<string>4</string>
			<key>isa</key>
			<string>PBXFileReference</string>
			<key>lastKnownFileType</key>
			<string>text.html</string>
			<key>path</key>
			<string>biografiaPreciado.html</string>
			<key>sourceTree</key>
			<string>&lt;group&gt;</string>
		</dict>
		<key>9740B3BB1AEC16EF008A6DA6</key>
		<dict>
			<key>fileEncoding</key>
			<string>4</string>
			<key>isa</key>
			<string>PBXFileReference</string>
			<key>lastKnownFileType</key>
			<string>text.html</string>
			<key>path</key>
			<string>biografiaZepeda.html</string>
			<key>sourceTree</key>
			<string>&lt;group&gt;</string>
		</dict>
		<key>9740B3BC1AEC16EF008A6DA6</key>
		<dict>
			<key>fileEncoding</key>
			<string>4</string>
			<key>isa</key>
			<string>PBXFileReference</string>
			<key>lastKnownFileType</key>
			<string>text.html</string>
			<key>path</key>
			<string>propuestaBarbasan.html</string>
			<key>sourceTree</key>
			<string>&lt;group&gt;</string>
		</dict>
		<key>9740B3BD1AEC16EF008A6DA6</key>
		<dict>
			<key>fileEncoding</key>
			<string>4</string>
			<key>isa</key>
			<string>PBXFileReference</string>
			<key>lastKnownFileType</key>
			<string>text.html</string>
			<key>path</key>
			<string>propuestaGallardo.html</string>
			<key>sourceTree</key>
			<string>&lt;group&gt;</string>
		</dict>
		<key>9740B3BE1AEC16EF008A6DA6</key>
		<dict>
			<key>fileEncoding</key>
			<string>4</string>
			<key>isa</key>
			<string>PBXFileReference</string>
			<key>lastKnownFileType</key>
			<string>text.html</string>
			<key>path</key>
			<string>propuestaGalvan.html</string>
			<key>sourceTree</key>
			<string>&lt;group&gt;</string>
		</dict>
		<key>9740B3BF1AEC16EF008A6DA6</key>
		<dict>
			<key>fileEncoding</key>
			<string>4</string>
			<key>isa</key>
			<string>PBXFileReference</string>
			<key>lastKnownFileType</key>
			<string>text.html</string>
			<key>path</key>
			<string>propuestaMoran.html</string>
			<key>sourceTree</key>
			<string>&lt;group&gt;</string>
		</dict>
		<key>9740B3C01AEC16EF008A6DA6</key>
		<dict>
			<key>fileEncoding</key>
			<string>4</string>
			<key>isa</key>
			<string>PBXFileReference</string>
			<key>lastKnownFileType</key>
			<string>text.html</string>
			<key>path</key>
			<string>propuestaMunro.html</string>
			<key>sourceTree</key>
			<string>&lt;group&gt;</string>
		</dict>
		<key>9740B3C11AEC16EF008A6DA6</key>
		<dict>
			<key>fileEncoding</key>
			<string>4</string>
			<key>isa</key>
			<string>PBXFileReference</string>
			<key>lastKnownFileType</key>
			<string>text.html</string>
			<key>path</key>
			<string>propuestaNacho.html</string>
			<key>sourceTree</key>
			<string>&lt;group&gt;</string>
		</dict>
		<key>9740B3C21AEC16EF008A6DA6</key>
		<dict>
			<key>fileEncoding</key>
			<string>4</string>
			<key>isa</key>
			<string>PBXFileReference</string>
			<key>lastKnownFileType</key>
			<string>text.html</string>
			<key>path</key>
			<string>propuestaPreciado.html</string>
			<key>sourceTree</key>
			<string>&lt;group&gt;</string>
		</dict>
		<key>9740B3C31AEC16EF008A6DA6</key>
		<dict>
			<key>fileEncoding</key>
			<string>4</string>
			<key>isa</key>
			<string>PBXFileReference</string>
			<key>lastKnownFileType</key>
			<string>text.html</string>
			<key>path</key>
			<string>propuestaZepeda.html</string>
			<key>sourceTree</key>
			<string>&lt;group&gt;</string>
		</dict>
		<key>9740B3C41AEC16EF008A6DA6</key>
		<dict>
			<key>fileRef</key>
			<string>9740B3B41AEC16EF008A6DA6</string>
			<key>isa</key>
			<string>PBXBuildFile</string>
		</dict>
		<key>9740B3C51AEC16EF008A6DA6</key>
		<dict>
			<key>fileRef</key>
			<string>9740B3B51AEC16EF008A6DA6</string>
			<key>isa</key>
			<string>PBXBuildFile</string>
		</dict>
		<key>9740B3C61AEC16EF008A6DA6</key>
		<dict>
			<key>fileRef</key>
			<string>9740B3B61AEC16EF008A6DA6</string>
			<key>isa</key>
			<string>PBXBuildFile</string>
		</dict>
		<key>9740B3C71AEC16EF008A6DA6</key>
		<dict>
			<key>fileRef</key>
			<string>9740B3B71AEC16EF008A6DA6</string>
			<key>isa</key>
			<string>PBXBuildFile</string>
		</dict>
		<key>9740B3C81AEC16EF008A6DA6</key>
		<dict>
			<key>fileRef</key>
			<string>9740B3B81AEC16EF008A6DA6</string>
			<key>isa</key>
			<string>PBXBuildFile</string>
		</dict>
		<key>9740B3C91AEC16EF008A6DA6</key>
		<dict>
			<key>fileRef</key>
			<string>9740B3B91AEC16EF008A6DA6</string>
			<key>isa</key>
			<string>PBXBuildFile</string>
		</dict>
		<key>9740B3CA1AEC16EF008A6DA6</key>
		<dict>
			<key>fileRef</key>
			<string>9740B3BA1AEC16EF008A6DA6</string>
			<key>isa</key>
			<string>PBXBuildFile</string>
		</dict>
		<key>9740B3CB1AEC16EF008A6DA6</key>
		<dict>
			<key>fileRef</key>
			<string>9740B3BB1AEC16EF008A6DA6</string>
			<key>isa</key>
			<string>PBXBuildFile</string>
		</dict>
		<key>9740B3CC1AEC16EF008A6DA6</key>
		<dict>
			<key>fileRef</key>
			<string>9740B3BC1AEC16EF008A6DA6</string>
			<key>isa</key>
			<string>PBXBuildFile</string>
		</dict>
		<key>9740B3CD1AEC16EF008A6DA6</key>
		<dict>
			<key>fileRef</key>
			<string>9740B3BD1AEC16EF008A6DA6</string>
			<key>isa</key>
			<string>PBXBuildFile</string>
		</dict>
		<key>9740B3CE1AEC16EF008A6DA6</key>
		<dict>
			<key>fileRef</key>
			<string>9740B3BE1AEC16EF008A6DA6</string>
			<key>isa</key>
			<string>PBXBuildFile</string>
		</dict>
		<key>9740B3CF1AEC16EF008A6DA6</key>
		<dict>
			<key>fileRef</key>
			<string>9740B3BF1AEC16EF008A6DA6</string>
			<key>isa</key>
			<string>PBXBuildFile</string>
		</dict>
		<key>9740B3D01AEC16EF008A6DA6</key>
		<dict>
			<key>fileRef</key>
			<string>9740B3C01AEC16EF008A6DA6</string>
			<key>isa</key>
			<string>PBXBuildFile</string>
		</dict>
		<key>9740B3D11AEC16EF008A6DA6</key>
		<dict>
			<key>fileRef</key>
			<string>9740B3C11AEC16EF008A6DA6</string>
			<key>isa</key>
			<string>PBXBuildFile</string>
		</dict>
		<key>9740B3D21AEC16EF008A6DA6</key>
		<dict>
			<key>fileRef</key>
			<string>9740B3C21AEC16EF008A6DA6</string>
			<key>isa</key>
			<string>PBXBuildFile</string>
		</dict>
		<key>9740B3D31AEC16EF008A6DA6</key>
		<dict>
			<key>fileRef</key>
			<string>9740B3C31AEC16EF008A6DA6</string>
			<key>isa</key>
			<string>PBXBuildFile</string>
		</dict>
		<key>9740B3D41AEC33C5008A6DA6</key>
		<dict>
			<key>fileEncoding</key>
			<string>4</string>
			<key>isa</key>
			<string>PBXFileReference</string>
			<key>lastKnownFileType</key>
			<string>sourcecode.c.h</string>
			<key>path</key>
			<string>VotaViewController.h</string>
			<key>sourceTree</key>
			<string>&lt;group&gt;</string>
		</dict>
		<key>9740B3D51AEC33C5008A6DA6</key>
		<dict>
			<key>fileEncoding</key>
			<string>4</string>
			<key>isa</key>
			<string>PBXFileReference</string>
			<key>lastKnownFileType</key>
			<string>sourcecode.c.objc</string>
			<key>path</key>
			<string>VotaViewController.m</string>
			<key>sourceTree</key>
			<string>&lt;group&gt;</string>
		</dict>
		<key>9740B3D61AEC33C5008A6DA6</key>
		<dict>
			<key>fileRef</key>
			<string>9740B3D51AEC33C5008A6DA6</string>
			<key>isa</key>
			<string>PBXBuildFile</string>
		</dict>
		<key>9879524C90D193341C76CF11</key>
		<dict>
			<key>includeInIndex</key>
			<string>1</string>
			<key>isa</key>
			<string>PBXFileReference</string>
			<key>lastKnownFileType</key>
			<string>text.xcconfig</string>
			<key>name</key>
			<string>Pods.debug.xcconfig</string>
			<key>path</key>
			<string>Pods/Target Support Files/Pods/Pods.debug.xcconfig</string>
			<key>sourceTree</key>
			<string>&lt;group&gt;</string>
		</dict>
		<key>B1E4C71ADCDE53653729FC3E</key>
		<dict>
			<key>buildActionMask</key>
			<string>2147483647</string>
			<key>files</key>
			<array/>
			<key>inputPaths</key>
			<array/>
			<key>isa</key>
			<string>PBXShellScriptBuildPhase</string>
			<key>name</key>
			<string>Copy Pods Resources</string>
			<key>outputPaths</key>
			<array/>
			<key>runOnlyForDeploymentPostprocessing</key>
			<string>0</string>
			<key>shellPath</key>
			<string>/bin/sh</string>
			<key>shellScript</key>
			<string>"${SRCROOT}/Pods/Target Support Files/Pods/Pods-resources.sh"
</string>
			<key>showEnvVarsInLog</key>
			<string>0</string>
		</dict>
		<key>CD5B34CF32CE779F0B9DF996</key>
		<dict>
			<key>explicitFileType</key>
			<string>archive.ar</string>
			<key>includeInIndex</key>
			<string>0</string>
			<key>isa</key>
			<string>PBXFileReference</string>
			<key>path</key>
			<string>libPods.a</string>
			<key>sourceTree</key>
			<string>BUILT_PRODUCTS_DIR</string>
		</dict>
		<key>E6BFDF7835D21C5CF39145C3</key>
		<dict>
			<key>fileRef</key>
			<string>CD5B34CF32CE779F0B9DF996</string>
			<key>isa</key>
			<string>PBXBuildFile</string>
		</dict>
	</dict>
	<key>rootObject</key>
	<string>9740B35F1AEBF004008A6DA6</string>
</dict>
</plist>
